
Microsoft Visual Studio Solution File, Format Version 12.00
Project("{FAE04EC0-301F-11D3-BF4B-00C04F79EFBC}") = "Wissance.nOrm", "Wissance.nOrm\Wissance.nOrm.csproj", "{5D0473FC-F97A-45BA-922F-07EE2C1CF846}"
EndProject
Project("{FAE04EC0-301F-11D3-BF4B-00C04F79EFBC}") = "Wissance.nOrm.Tests", "Wissance.nOrm.Tests\Wissance.nOrm.Tests.csproj", "{91D8D2B1-A953-47CE-BF33-59D9438B49BA}"
EndProject
Global
	GlobalSection(SolutionConfigurationPlatforms) = preSolution
		Debug|Any CPU = Debug|Any CPU
		Release|Any CPU = Release|Any CPU
	EndGlobalSection
	GlobalSection(ProjectConfigurationPlatforms) = postSolution
		{5D0473FC-F97A-45BA-922F-07EE2C1CF846}.Debug|Any CPU.ActiveCfg = Debug|Any CPU
		{5D0473FC-F97A-45BA-922F-07EE2C1CF846}.Debug|Any CPU.Build.0 = Debug|Any CPU
		{5D0473FC-F97A-45BA-922F-07EE2C1CF846}.Release|Any CPU.ActiveCfg = Release|Any CPU
		{5D0473FC-F97A-45BA-922F-07EE2C1CF846}.Release|Any CPU.Build.0 = Release|Any CPU
		{91D8D2B1-A953-47CE-BF33-59D9438B49BA}.Debug|Any CPU.ActiveCfg = Debug|Any CPU
		{91D8D2B1-A953-47CE-BF33-59D9438B49BA}.Debug|Any CPU.Build.0 = Debug|Any CPU
		{91D8D2B1-A953-47CE-BF33-59D9438B49BA}.Release|Any CPU.ActiveCfg = Release|Any CPU
		{91D8D2B1-A953-47CE-BF33-59D9438B49BA}.Release|Any CPU.Build.0 = Release|Any CPU
	EndGlobalSection
EndGlobal
